
Microsoft Visual Studio Solution File, Format Version 12.00
# Visual Studio Version 17
VisualStudioVersion = 17.3.32804.467
MinimumVisualStudioVersion = 10.0.40219.1
Project("{54A90642-561A-4BB1-A94E-469ADEE60C69}") = "plumsailweb", "PlumsailWeb\plumsailweb.esproj", "{FD119DE9-8755-4819-B50E-732E41B298FB}"
EndProject
Project("{9A19103F-16F7-4668-BE54-9A1E7A4F7556}") = "plumsailbackend", "plumsailbackend\plumsailbackend.csproj", "{3823CC80-6788-4CDE-BE10-C3C29F7D9EDE}"
EndProject
Global
	GlobalSection(SolutionConfigurationPlatforms) = preSolution
		Debug|Any CPU = Debug|Any CPU
		Release|Any CPU = Release|Any CPU
	EndGlobalSection
	GlobalSection(ProjectConfigurationPlatforms) = postSolution
		{FD119DE9-8755-4819-B50E-732E41B298FB}.Debug|Any CPU.ActiveCfg = Debug|Any CPU
		{FD119DE9-8755-4819-B50E-732E41B298FB}.Debug|Any CPU.Build.0 = Debug|Any CPU
		{FD119DE9-8755-4819-B50E-732E41B298FB}.Debug|Any CPU.Deploy.0 = Debug|Any CPU
		{FD119DE9-8755-4819-B50E-732E41B298FB}.Release|Any CPU.ActiveCfg = Release|Any CPU
		{FD119DE9-8755-4819-B50E-732E41B298FB}.Release|Any CPU.Build.0 = Release|Any CPU
		{FD119DE9-8755-4819-B50E-732E41B298FB}.Release|Any CPU.Deploy.0 = Release|Any CPU
		{3823CC80-6788-4CDE-BE10-C3C29F7D9EDE}.Debug|Any CPU.ActiveCfg = Debug|Any CPU
		{3823CC80-6788-4CDE-BE10-C3C29F7D9EDE}.Debug|Any CPU.Build.0 = Debug|Any CPU
		{3823CC80-6788-4CDE-BE10-C3C29F7D9EDE}.Release|Any CPU.ActiveCfg = Release|Any CPU
		{3823CC80-6788-4CDE-BE10-C3C29F7D9EDE}.Release|Any CPU.Build.0 = Release|Any CPU
	EndGlobalSection
	GlobalSection(SolutionProperties) = preSolution
		HideSolutionNode = FALSE
	EndGlobalSection
	GlobalSection(ExtensibilityGlobals) = postSolution
		SolutionGuid = {EA872A3F-E2F1-404E-B70A-05177C22CB14}
	EndGlobalSection
EndGlobal
